
Microsoft Visual Studio Solution File, Format Version 12.00
# Visual Studio Version 16
VisualStudioVersion = 16.0.32126.315
MinimumVisualStudioVersion = 10.0.40219.1
Project("{FAE04EC0-301F-11D3-BF4B-00C04F79EFBC}") = "CustomerColors", "CustomerColors.csproj", "{B34EF26C-C186-42FE-996B-B5D4EFAF167A}"
EndProject
Global
	GlobalSection(SolutionConfigurationPlatforms) = preSolution
		Debug|Any CPU = Debug|Any CPU
		Release|Any CPU = Release|Any CPU
	EndGlobalSection
	GlobalSection(ProjectConfigurationPlatforms) = postSolution
		{B34EF26C-C186-42FE-996B-B5D4EFAF167A}.Debug|Any CPU.ActiveCfg = Debug|Any CPU
		{B34EF26C-C186-42FE-996B-B5D4EFAF167A}.Debug|Any CPU.Build.0 = Debug|Any CPU
		{B34EF26C-C186-42FE-996B-B5D4EFAF167A}.Release|Any CPU.ActiveCfg = Release|Any CPU
		{B34EF26C-C186-42FE-996B-B5D4EFAF167A}.Release|Any CPU.Build.0 = Release|Any CPU
	EndGlobalSection
	GlobalSection(SolutionProperties) = preSolution
		HideSolutionNode = FALSE
	EndGlobalSection
	GlobalSection(ExtensibilityGlobals) = postSolution
		SolutionGuid = {813981FA-DF8C-482C-A165-EDAB8F6C0332}
	EndGlobalSection
EndGlobal
